
Microsoft Visual Studio Solution File, Format Version 12.00
# Visual Studio Version 16
VisualStudioVersion = 16.0.29905.134
MinimumVisualStudioVersion = 10.0.40219.1
Project("{FAE04EC0-301F-11D3-BF4B-00C04F79EFBC}") = "Pacman", "Pacman\Pacman.csproj", "{36CAF99E-AB40-46FE-AF07-37167425FEBB}"
EndProject
Project("{FAE04EC0-301F-11D3-BF4B-00C04F79EFBC}") = "MyTests", "MyTests\MyTests.csproj", "{60B72686-59B2-48BC-818A-441C8F7C8507}"
EndProject
Global
	GlobalSection(SolutionConfigurationPlatforms) = preSolution
		Debug|Any CPU = Debug|Any CPU
		Release|Any CPU = Release|Any CPU
	EndGlobalSection
	GlobalSection(ProjectConfigurationPlatforms) = postSolution
		{36CAF99E-AB40-46FE-AF07-37167425FEBB}.Debug|Any CPU.ActiveCfg = Debug|Any CPU
		{36CAF99E-AB40-46FE-AF07-37167425FEBB}.Debug|Any CPU.Build.0 = Debug|Any CPU
		{36CAF99E-AB40-46FE-AF07-37167425FEBB}.Release|Any CPU.ActiveCfg = Release|Any CPU
		{36CAF99E-AB40-46FE-AF07-37167425FEBB}.Release|Any CPU.Build.0 = Release|Any CPU
		{60B72686-59B2-48BC-818A-441C8F7C8507}.Debug|Any CPU.ActiveCfg = Debug|Any CPU
		{60B72686-59B2-48BC-818A-441C8F7C8507}.Debug|Any CPU.Build.0 = Debug|Any CPU
		{60B72686-59B2-48BC-818A-441C8F7C8507}.Release|Any CPU.ActiveCfg = Release|Any CPU
		{60B72686-59B2-48BC-818A-441C8F7C8507}.Release|Any CPU.Build.0 = Release|Any CPU
	EndGlobalSection
	GlobalSection(SolutionProperties) = preSolution
		HideSolutionNode = FALSE
	EndGlobalSection
	GlobalSection(ExtensibilityGlobals) = postSolution
		SolutionGuid = {8E03695C-DE2C-49E2-8210-4D4849D29B3C}
	EndGlobalSection
EndGlobal
